
Microsoft Visual Studio Solution File, Format Version 12.00
# Visual Studio Version 17
VisualStudioVersion = 17.0.31903.59
MinimumVisualStudioVersion = 10.0.40219.1
Project("{2150E333-8FDC-42A3-9474-1A3956D46DE8}") = "src", "src", "{039DE201-D1DB-4F12-AE62-CB6A87725AEC}"
EndProject
Project("{2150E333-8FDC-42A3-9474-1A3956D46DE8}") = "aspnet", "aspnet", "{7CB8B437-B4AB-4EB6-B306-6FDC393A3C1D}"
EndProject
Project("{FAE04EC0-301F-11D3-BF4B-00C04F79EFBC}") = "API", "src\aspnet\API\API.csproj", "{C7F8C459-B8BC-4813-BCBF-B4B2E0109288}"
EndProject
Project("{FAE04EC0-301F-11D3-BF4B-00C04F79EFBC}") = "Core", "src\aspnet\Core\Core.csproj", "{51E23C05-5E63-4CA4-B195-5BB6E78287DB}"
EndProject
Project("{FAE04EC0-301F-11D3-BF4B-00C04F79EFBC}") = "DataAccess", "src\aspnet\DataAccess\DataAccess.csproj", "{2A9B5B15-82AB-4734-8821-F2CF7AB473D9}"
EndProject
Global
	GlobalSection(SolutionConfigurationPlatforms) = preSolution
		Debug|Any CPU = Debug|Any CPU
		Debug|x64 = Debug|x64
		Debug|x86 = Debug|x86
		Release|Any CPU = Release|Any CPU
		Release|x64 = Release|x64
		Release|x86 = Release|x86
	EndGlobalSection
	GlobalSection(ProjectConfigurationPlatforms) = postSolution
		{C7F8C459-B8BC-4813-BCBF-B4B2E0109288}.Debug|Any CPU.ActiveCfg = Debug|Any CPU
		{C7F8C459-B8BC-4813-BCBF-B4B2E0109288}.Debug|Any CPU.Build.0 = Debug|Any CPU
		{C7F8C459-B8BC-4813-BCBF-B4B2E0109288}.Debug|x64.ActiveCfg = Debug|Any CPU
		{C7F8C459-B8BC-4813-BCBF-B4B2E0109288}.Debug|x64.Build.0 = Debug|Any CPU
		{C7F8C459-B8BC-4813-BCBF-B4B2E0109288}.Debug|x86.ActiveCfg = Debug|Any CPU
		{C7F8C459-B8BC-4813-BCBF-B4B2E0109288}.Debug|x86.Build.0 = Debug|Any CPU
		{C7F8C459-B8BC-4813-BCBF-B4B2E0109288}.Release|Any CPU.ActiveCfg = Release|Any CPU
		{C7F8C459-B8BC-4813-BCBF-B4B2E0109288}.Release|Any CPU.Build.0 = Release|Any CPU
		{C7F8C459-B8BC-4813-BCBF-B4B2E0109288}.Release|x64.ActiveCfg = Release|Any CPU
		{C7F8C459-B8BC-4813-BCBF-B4B2E0109288}.Release|x64.Build.0 = Release|Any CPU
		{C7F8C459-B8BC-4813-BCBF-B4B2E0109288}.Release|x86.ActiveCfg = Release|Any CPU
		{C7F8C459-B8BC-4813-BCBF-B4B2E0109288}.Release|x86.Build.0 = Release|Any CPU
		{51E23C05-5E63-4CA4-B195-5BB6E78287DB}.Debug|Any CPU.ActiveCfg = Debug|Any CPU
		{51E23C05-5E63-4CA4-B195-5BB6E78287DB}.Debug|Any CPU.Build.0 = Debug|Any CPU
		{51E23C05-5E63-4CA4-B195-5BB6E78287DB}.Debug|x64.ActiveCfg = Debug|Any CPU
		{51E23C05-5E63-4CA4-B195-5BB6E78287DB}.Debug|x64.Build.0 = Debug|Any CPU
		{51E23C05-5E63-4CA4-B195-5BB6E78287DB}.Debug|x86.ActiveCfg = Debug|Any CPU
		{51E23C05-5E63-4CA4-B195-5BB6E78287DB}.Debug|x86.Build.0 = Debug|Any CPU
		{51E23C05-5E63-4CA4-B195-5BB6E78287DB}.Release|Any CPU.ActiveCfg = Release|Any CPU
		{51E23C05-5E63-4CA4-B195-5BB6E78287DB}.Release|Any CPU.Build.0 = Release|Any CPU
		{51E23C05-5E63-4CA4-B195-5BB6E78287DB}.Release|x64.ActiveCfg = Release|Any CPU
		{51E23C05-5E63-4CA4-B195-5BB6E78287DB}.Release|x64.Build.0 = Release|Any CPU
		{51E23C05-5E63-4CA4-B195-5BB6E78287DB}.Release|x86.ActiveCfg = Release|Any CPU
		{51E23C05-5E63-4CA4-B195-5BB6E78287DB}.Release|x86.Build.0 = Release|Any CPU
		{2A9B5B15-82AB-4734-8821-F2CF7AB473D9}.Debug|Any CPU.ActiveCfg = Debug|Any CPU
		{2A9B5B15-82AB-4734-8821-F2CF7AB473D9}.Debug|Any CPU.Build.0 = Debug|Any CPU
		{2A9B5B15-82AB-4734-8821-F2CF7AB473D9}.Debug|x64.ActiveCfg = Debug|Any CPU
		{2A9B5B15-82AB-4734-8821-F2CF7AB473D9}.Debug|x64.Build.0 = Debug|Any CPU
		{2A9B5B15-82AB-4734-8821-F2CF7AB473D9}.Debug|x86.ActiveCfg = Debug|Any CPU
		{2A9B5B15-82AB-4734-8821-F2CF7AB473D9}.Debug|x86.Build.0 = Debug|Any CPU
		{2A9B5B15-82AB-4734-8821-F2CF7AB473D9}.Release|Any CPU.ActiveCfg = Release|Any CPU
		{2A9B5B15-82AB-4734-8821-F2CF7AB473D9}.Release|Any CPU.Build.0 = Release|Any CPU
		{2A9B5B15-82AB-4734-8821-F2CF7AB473D9}.Release|x64.ActiveCfg = Release|Any CPU
		{2A9B5B15-82AB-4734-8821-F2CF7AB473D9}.Release|x64.Build.0 = Release|Any CPU
		{2A9B5B15-82AB-4734-8821-F2CF7AB473D9}.Release|x86.ActiveCfg = Release|Any CPU
		{2A9B5B15-82AB-4734-8821-F2CF7AB473D9}.Release|x86.Build.0 = Release|Any CPU
	EndGlobalSection
	GlobalSection(SolutionProperties) = preSolution
		HideSolutionNode = FALSE
	EndGlobalSection
	GlobalSection(NestedProjects) = preSolution
		{7CB8B437-B4AB-4EB6-B306-6FDC393A3C1D} = {039DE201-D1DB-4F12-AE62-CB6A87725AEC}
		{C7F8C459-B8BC-4813-BCBF-B4B2E0109288} = {7CB8B437-B4AB-4EB6-B306-6FDC393A3C1D}
		{51E23C05-5E63-4CA4-B195-5BB6E78287DB} = {7CB8B437-B4AB-4EB6-B306-6FDC393A3C1D}
		{2A9B5B15-82AB-4734-8821-F2CF7AB473D9} = {7CB8B437-B4AB-4EB6-B306-6FDC393A3C1D}
	EndGlobalSection
EndGlobal
